
Microsoft Visual Studio Solution File, Format Version 12.00
# Visual Studio Version 17
VisualStudioVersion = 17.14.36301.6 d17.14
MinimumVisualStudioVersion = 10.0.40219.1
Project("{FAE04EC0-301F-11D3-BF4B-00C04F79EFBC}") = "final project, race cars", "final project, race cars.csproj", "{4552A1AB-1099-4B0E-8A52-DAA038493534}"
EndProject
Global
	GlobalSection(SolutionConfigurationPlatforms) = preSolution
		Debug|Any CPU = Debug|Any CPU
		Release|Any CPU = Release|Any CPU
	EndGlobalSection
	GlobalSection(ProjectConfigurationPlatforms) = postSolution
		{4552A1AB-1099-4B0E-8A52-DAA038493534}.Debug|Any CPU.ActiveCfg = Debug|Any CPU
		{4552A1AB-1099-4B0E-8A52-DAA038493534}.Debug|Any CPU.Build.0 = Debug|Any CPU
		{4552A1AB-1099-4B0E-8A52-DAA038493534}.Release|Any CPU.ActiveCfg = Release|Any CPU
		{4552A1AB-1099-4B0E-8A52-DAA038493534}.Release|Any CPU.Build.0 = Release|Any CPU
	EndGlobalSection
	GlobalSection(SolutionProperties) = preSolution
		HideSolutionNode = FALSE
	EndGlobalSection
	GlobalSection(ExtensibilityGlobals) = postSolution
		SolutionGuid = {411BDB9F-F4B0-43F5-86F0-B5D09F79E246}
	EndGlobalSection
EndGlobal
